Microsoft Visual Studio Solution File, Format Version 12.00
# Visual Studio Version 17
VisualStudioVersion = 17.5.2.0
MinimumVisualStudioVersion = 10.0.40219.1
Project("{FAE04EC0-301F-11D3-BF4B-00C04F79EFBC}") = "MutfakDizilim", "MutfakDizilim.csproj", "{A92BD821-2A10-4CD9-A5A7-1A99F355FD9A}"
EndProject
Global
	GlobalSection(SolutionConfigurationPlatforms) = preSolution
		Debug|Any CPU = Debug|Any CPU
		Release|Any CPU = Release|Any CPU
	EndGlobalSection
	GlobalSection(ProjectConfigurationPlatforms) = postSolution
		{A92BD821-2A10-4CD9-A5A7-1A99F355FD9A}.Debug|Any CPU.ActiveCfg = Debug|Any CPU
		{A92BD821-2A10-4CD9-A5A7-1A99F355FD9A}.Debug|Any CPU.Build.0 = Debug|Any CPU
		{A92BD821-2A10-4CD9-A5A7-1A99F355FD9A}.Release|Any CPU.ActiveCfg = Release|Any CPU
		{A92BD821-2A10-4CD9-A5A7-1A99F355FD9A}.Release|Any CPU.Build.0 = Release|Any CPU
	EndGlobalSection
	GlobalSection(SolutionProperties) = preSolution
		HideSolutionNode = FALSE
	EndGlobalSection
	GlobalSection(ExtensibilityGlobals) = postSolution
		SolutionGuid = {6F336FC5-5B76-476D-A49F-167315A87011}
	EndGlobalSection
EndGlobal
